
Microsoft Visual Studio Solution File, Format Version 12.00
# Visual Studio Version 16
VisualStudioVersion = 16.0.29215.179
MinimumVisualStudioVersion = 10.0.40219.1
Project("{9A19103F-16F7-4668-BE54-9A1E7A4F7556}") = "TreeBuilder", "TreeBuilder\TreeBuilder.csproj", "{6A0F0C30-84E1-41FD-A3A8-9A8530D5F84D}"
EndProject
Project("{FAE04EC0-301F-11D3-BF4B-00C04F79EFBC}") = "TreeBuilder.Test", "TreeBuilder.Test\TreeBuilder.Test.csproj", "{ECF53AC4-59DD-483A-9524-171761248EE9}"
EndProject
Global
	GlobalSection(SolutionConfigurationPlatforms) = preSolution
		Debug|Any CPU = Debug|Any CPU
		Release|Any CPU = Release|Any CPU
	EndGlobalSection
	GlobalSection(ProjectConfigurationPlatforms) = postSolution
		{6A0F0C30-84E1-41FD-A3A8-9A8530D5F84D}.Debug|Any CPU.ActiveCfg = Debug|Any CPU
		{6A0F0C30-84E1-41FD-A3A8-9A8530D5F84D}.Debug|Any CPU.Build.0 = Debug|Any CPU
		{6A0F0C30-84E1-41FD-A3A8-9A8530D5F84D}.Release|Any CPU.ActiveCfg = Release|Any CPU
		{6A0F0C30-84E1-41FD-A3A8-9A8530D5F84D}.Release|Any CPU.Build.0 = Release|Any CPU
		{ECF53AC4-59DD-483A-9524-171761248EE9}.Debug|Any CPU.ActiveCfg = Debug|Any CPU
		{ECF53AC4-59DD-483A-9524-171761248EE9}.Debug|Any CPU.Build.0 = Debug|Any CPU
		{ECF53AC4-59DD-483A-9524-171761248EE9}.Release|Any CPU.ActiveCfg = Release|Any CPU
		{ECF53AC4-59DD-483A-9524-171761248EE9}.Release|Any CPU.Build.0 = Release|Any CPU
	EndGlobalSection
	GlobalSection(SolutionProperties) = preSolution
		HideSolutionNode = FALSE
	EndGlobalSection
	GlobalSection(ExtensibilityGlobals) = postSolution
		SolutionGuid = {5490382A-8F77-46F0-BCD4-85C807036F4E}
	EndGlobalSection
EndGlobal
